// !$*UTF8*$!
{
	archiveVersion = 1;
	classes = {
	};
	objectVersion = 48;
	objects = {

/* Begin PBXBuildFile section */
		AD5E065A200B984E00D0365B /* Sticker.bundle in Resources */ = {isa = PBXBuildFile; fileRef = AD5E0659200B984E00D0365B /* Sticker.bundle */; };
		AD608EF1200AF90500572A7E /* AppDelegate.m in Sources */ = {isa = PBXBuildFile; fileRef = AD608EF0200AF90500572A7E /* AppDelegate.m */; };
		AD608EF4200AF90500572A7E /* ViewController.m in Sources */ = {isa = PBXBuildFile; fileRef = AD608EF3200AF90500572A7E /* ViewController.m */; };
		AD608EF7200AF90500572A7E /* Main.storyboard in Resources */ = {isa = PBXBuildFile; fileRef = AD608EF5200AF90500572A7E /* Main.storyboard */; };
		AD608EF9200AF90500572A7E /* Assets.xcassets in Resources */ = {isa = PBXBuildFile; fileRef = AD608EF8200AF90500572A7E /* Assets.xcassets */; };
		AD608EFC200AF90500572A7E /* LaunchScreen.storyboard in Resources */ = {isa = PBXBuildFile; fileRef = AD608EFA200AF90500572A7E /* LaunchScreen.storyboard */; };
		AD608EFF200AF90500572A7E /* main.m in Sources */ = {isa = PBXBuildFile; fileRef = AD608EFE200AF90500572A7E /* main.m */; };
		AD703F10200B9CDF002F6F33 /* PPStickerKeyboard.m in Sources */ = {isa = PBXBuildFile; fileRef = AD703F0F200B9CDF002F6F33 /* PPStickerKeyboard.m */; };
		AD703F16200B9D6F002F6F33 /* PPSticker.m in Sources */ = {isa = PBXBuildFile; fileRef = AD703F15200B9D6F002F6F33 /* PPSticker.m */; };
		AD703F19200B9D7E002F6F33 /* PPEmoji.m in Sources */ = {isa = PBXBuildFile; fileRef = AD703F18200B9D7E002F6F33 /* PPEmoji.m */; };
		AD703F1C200BAE38002F6F33 /* PPEmojiPreviewView.m in Sources */ = {isa = PBXBuildFile; fileRef = AD703F1B200BAE38002F6F33 /* PPEmojiPreviewView.m */; };
		AD703F1F200BAE9F002F6F33 /* PPSlideLineButton.m in Sources */ = {isa = PBXBuildFile; fileRef = AD703F1E200BAE9F002F6F33 /* PPSlideLineButton.m */; };
		AD9010CA200C3F9B004F8F0C /* PPUIColor.m in Sources */ = {isa = PBXBuildFile; fileRef = AD9010C9200C3F9B004F8F0C /* PPUIColor.m */; };
		AD9010CD200C416C004F8F0C /* PPScreen.m in Sources */ = {isa = PBXBuildFile; fileRef = AD9010CC200C416C004F8F0C /* PPScreen.m */; };
		AD9010D0200C9E31004F8F0C /* PPStickerPageView.m in Sources */ = {isa = PBXBuildFile; fileRef = AD9010CF200C9E31004F8F0C /* PPStickerPageView.m */; };
/* End PBXBuildFile section */

/* Begin PBXFileReference section */
		AD5E0659200B984E00D0365B /* Sticker.bundle */ = {isa = PBXFileReference; lastKnownFileType = "wrapper.plug-in"; path = Sticker.bundle; sourceTree = "<group>"; };
		AD608EEC200AF90500572A7E /* PPStickerKeyboard.app */ = {isa = PBXFileReference; explicitFileType = wrapper.application; includeInIndex = 0; path = PPStickerKeyboard.app; sourceTree = BUILT_PRODUCTS_DIR; };
		AD608EEF200AF90500572A7E /* AppDelegate.h */ = {isa = PBXFileReference; lastKnownFileType = sourcecode.c.h; path = AppDelegate.h; sourceTree = "<group>"; };
		AD608EF0200AF90500572A7E /* AppDelegate.m */ = {isa = PBXFileReference; lastKnownFileType = sourcecode.c.objc; path = AppDelegate.m; sourceTree = "<group>"; };
		AD608EF2200AF90500572A7E /* ViewController.h */ = {isa = PBXFileReference; lastKnownFileType = sourcecode.c.h; path = ViewController.h; sourceTree = "<group>"; };
		AD608EF3200AF90500572A7E /* ViewController.m */ = {isa = PBXFileReference; lastKnownFileType = sourcecode.c.objc; path = ViewController.m; sourceTree = "<group>"; };
		AD608EF6200AF90500572A7E /* Base */ = {isa = PBXFileReference; lastKnownFileType = file.storyboard; name = Base; path = Base.lproj/Main.storyboard; sourceTree = "<group>"; };
		AD608EF8200AF90500572A7E /* Assets.xcassets */ = {isa = PBXFileReference; lastKnownFileType = folder.assetcatalog; path = Assets.xcassets; sourceTree = "<group>"; };
		AD608EFB200AF90500572A7E /* Base */ = {isa = PBXFileReference; lastKnownFileType = file.storyboard; name = Base; path = Base.lproj/LaunchScreen.storyboard; sourceTree = "<group>"; };
		AD608EFD200AF90500572A7E /* Info.plist */ = {isa = PBXFileReference; lastKnownFileType = text.plist.xml; path = Info.plist; sourceTree = "<group>"; };
		AD608EFE200AF90500572A7E /* main.m */ = {isa = PBXFileReference; lastKnownFileType = sourcecode.c.objc; path = main.m; sourceTree = "<group>"; };
		AD703F0E200B9CDF002F6F33 /* PPStickerKeyboard.h */ = {isa = PBXFileReference; lastKnownFileType = sourcecode.c.h; path = PPStickerKeyboard.h; sourceTree = "<group>"; };
		AD703F0F200B9CDF002F6F33 /* PPStickerKeyboard.m */ = {isa = PBXFileReference; lastKnownFileType = sourcecode.c.objc; path = PPStickerKeyboard.m; sourceTree = "<group>"; };
		AD703F14200B9D6F002F6F33 /* PPSticker.h */ = {isa = PBXFileReference; lastKnownFileType = sourcecode.c.h; path = PPSticker.h; sourceTree = "<group>"; };
		AD703F15200B9D6F002F6F33 /* PPSticker.m */ = {isa = PBXFileReference; lastKnownFileType = sourcecode.c.objc; path = PPSticker.m; sourceTree = "<group>"; };
		AD703F17200B9D7E002F6F33 /* PPEmoji.h */ = {isa = PBXFileReference; lastKnownFileType = sourcecode.c.h; path = PPEmoji.h; sourceTree = "<group>"; };
		AD703F18200B9D7E002F6F33 /* PPEmoji.m */ = {isa = PBXFileReference; lastKnownFileType = sourcecode.c.objc; path = PPEmoji.m; sourceTree = "<group>"; };
		AD703F1A200BAE38002F6F33 /* PPEmojiPreviewView.h */ = {isa = PBXFileReference; lastKnownFileType = sourcecode.c.h; path = PPEmojiPreviewView.h; sourceTree = "<group>"; };
		AD703F1B200BAE38002F6F33 /* PPEmojiPreviewView.m */ = {isa = PBXFileReference; lastKnownFileType = sourcecode.c.objc; path = PPEmojiPreviewView.m; sourceTree = "<group>"; };
		AD703F1D200BAE9F002F6F33 /* PPSlideLineButton.h */ = {isa = PBXFileReference; lastKnownFileType = sourcecode.c.h; path = PPSlideLineButton.h; sourceTree = "<group>"; };
		AD703F1E200BAE9F002F6F33 /* PPSlideLineButton.m */ = {isa = PBXFileReference; lastKnownFileType = sourcecode.c.objc; path = PPSlideLineButton.m; sourceTree = "<group>"; };
		AD9010C8200C3F9B004F8F0C /* PPUIColor.h */ = {isa = PBXFileReference; lastKnownFileType = sourcecode.c.h; path = PPUIColor.h; sourceTree = "<group>"; };
		AD9010C9200C3F9B004F8F0C /* PPUIColor.m */ = {isa = PBXFileReference; lastKnownFileType = sourcecode.c.objc; path = PPUIColor.m; sourceTree = "<group>"; };
		AD9010CB200C416C004F8F0C /* PPScreen.h */ = {isa = PBXFileReference; lastKnownFileType = sourcecode.c.h; path = PPScreen.h; sourceTree = "<group>"; };
		AD9010CC200C416C004F8F0C /* PPScreen.m */ = {isa = PBXFileReference; lastKnownFileType = sourcecode.c.objc; path = PPScreen.m; sourceTree = "<group>"; };
		AD9010CE200C9E31004F8F0C /* PPStickerPageView.h */ = {isa = PBXFileReference; lastKnownFileType = sourcecode.c.h; path = PPStickerPageView.h; sourceTree = "<group>"; };
		AD9010CF200C9E31004F8F0C /* PPStickerPageView.m */ = {isa = PBXFileReference; lastKnownFileType = sourcecode.c.objc; path = PPStickerPageView.m; sourceTree = "<group>"; };
/* End PBXFileReference section */

/* Begin PBXFrameworksBuildPhase section */
		AD608EE9200AF90500572A7E /* Frameworks */ = {
			isa = PBXFrameworksBuildPhase;
			buildActionMask = 2147483647;
			files = (
			);
			runOnlyForDeploymentPostprocessing = 0;
		};
/* End PBXFrameworksBuildPhase section */

/* Begin PBXGroup section */
		AD608EE3200AF90500572A7E = {
			isa = PBXGroup;
			children = (
				AD608EEE200AF90500572A7E /* PPStickerKeyboard */,
				AD608EED200AF90500572A7E /* Products */,
			);
			sourceTree = "<group>";
		};
		AD608EED200AF90500572A7E /* Products */ = {
			isa = PBXGroup;
			children = (
				AD608EEC200AF90500572A7E /* PPStickerKeyboard.app */,
			);
			name = Products;
			sourceTree = "<group>";
		};
		AD608EEE200AF90500572A7E /* PPStickerKeyboard */ = {
			isa = PBXGroup;
			children = (
				AD608EEF200AF90500572A7E /* AppDelegate.h */,
				AD608EF0200AF90500572A7E /* AppDelegate.m */,
				AD703F17200B9D7E002F6F33 /* PPEmoji.h */,
				AD703F18200B9D7E002F6F33 /* PPEmoji.m */,
				AD703F14200B9D6F002F6F33 /* PPSticker.h */,
				AD703F15200B9D6F002F6F33 /* PPSticker.m */,
				AD703F1D200BAE9F002F6F33 /* PPSlideLineButton.h */,
				AD703F1E200BAE9F002F6F33 /* PPSlideLineButton.m */,
				AD703F1A200BAE38002F6F33 /* PPEmojiPreviewView.h */,
				AD703F1B200BAE38002F6F33 /* PPEmojiPreviewView.m */,
				AD9010CE200C9E31004F8F0C /* PPStickerPageView.h */,
				AD9010CF200C9E31004F8F0C /* PPStickerPageView.m */,
				AD703F0E200B9CDF002F6F33 /* PPStickerKeyboard.h */,
				AD703F0F200B9CDF002F6F33 /* PPStickerKeyboard.m */,
				AD608EF2200AF90500572A7E /* ViewController.h */,
				AD608EF3200AF90500572A7E /* ViewController.m */,
				AD608EF5200AF90500572A7E /* Main.storyboard */,
				AD5E0659200B984E00D0365B /* Sticker.bundle */,
				AD9010C7200C3E62004F8F0C /* Util */,
				AD608EF8200AF90500572A7E /* Assets.xcassets */,
				AD608EFA200AF90500572A7E /* LaunchScreen.storyboard */,
				AD608EFD200AF90500572A7E /* Info.plist */,
				AD608EFE200AF90500572A7E /* main.m */,
			);
			path = PPStickerKeyboard;
			sourceTree = "<group>";
		};
		AD9010C7200C3E62004F8F0C /* Util */ = {
			isa = PBXGroup;
			children = (
				AD9010C8200C3F9B004F8F0C /* PPUIColor.h */,
				AD9010C9200C3F9B004F8F0C /* PPUIColor.m */,
				AD9010CB200C416C004F8F0C /* PPScreen.h */,
				AD9010CC200C416C004F8F0C /* PPScreen.m */,
			);
			path = Util;
			sourceTree = "<group>";
		};
/* End PBXGroup section */

/* Begin PBXNativeTarget section */
		AD608EEB200AF90500572A7E /* PPStickerKeyboard */ = {
			isa = PBXNativeTarget;
			buildConfigurationList = AD608F02200AF90500572A7E /* Build configuration list for PBXNativeTarget "PPStickerKeyboard" */;
			buildPhases = (
				AD608EE8200AF90500572A7E /* Sources */,
				AD608EE9200AF90500572A7E /* Frameworks */,
				AD608EEA200AF90500572A7E /* Resources */,
			);
			buildRules = (
			);
			dependencies = (
			);
			name = PPStickerKeyboard;
			productName = PPStickerKeyboard;
			productReference = AD608EEC200AF90500572A7E /* PPStickerKeyboard.app */;
			productType = "com.apple.product-type.application";
		};
/* End PBXNativeTarget section */

/* Begin PBXProject section */
		AD608EE4200AF90500572A7E /* Project object */ = {
			isa = PBXProject;
			attributes = {
				LastUpgradeCheck = 0920;
				ORGANIZATIONNAME = Vernon;
				TargetAttributes = {
					AD608EEB200AF90500572A7E = {
						CreatedOnToolsVersion = 9.2;
						ProvisioningStyle = Automatic;
					};
				};
			};
			buildConfigurationList = AD608EE7200AF90500572A7E /* Build configuration list for PBXProject "PPStickerKeyboard" */;
			compatibilityVersion = "Xcode 8.0";
			developmentRegion = en;
			hasScannedForEncodings = 0;
			knownRegions = (
				en,
				Base,
			);
			mainGroup = AD608EE3200AF90500572A7E;
			productRefGroup = AD608EED200AF90500572A7E /* Products */;
			projectDirPath = "";
			projectRoot = "";
			targets = (
				AD608EEB200AF90500572A7E /* PPStickerKeyboard */,
			);
		};
/* End PBXProject section */

/* Begin PBXResourcesBuildPhase section */
		AD608EEA200AF90500572A7E /* Resources */ = {
			isa = PBXResourcesBuildPhase;
			buildActionMask = 2147483647;
			files = (
				AD608EFC200AF90500572A7E /* LaunchScreen.storyboard in Resources */,
				AD608EF9200AF90500572A7E /* Assets.xcassets in Resources */,
				AD608EF7200AF90500572A7E /* Main.storyboard in Resources */,
				AD5E065A200B984E00D0365B /* Sticker.bundle in Resources */,
			);
			runOnlyForDeploymentPostprocessing = 0;
		};
/* End PBXResourcesBuildPhase section */

/* Begin PBXSourcesBuildPhase section */
		AD608EE8200AF90500572A7E /* Sources */ = {
			isa = PBXSourcesBuildPhase;
			buildActionMask = 2147483647;
			files = (
				AD703F10200B9CDF002F6F33 /* PPStickerKeyboard.m in Sources */,
				AD9010CA200C3F9B004F8F0C /* PPUIColor.m in Sources */,
				AD9010D0200C9E31004F8F0C /* PPStickerPageView.m in Sources */,
				AD608EF4200AF90500572A7E /* ViewController.m in Sources */,
				AD9010CD200C416C004F8F0C /* PPScreen.m in Sources */,
				AD703F1C200BAE38002F6F33 /* PPEmojiPreviewView.m in Sources */,
				AD703F1F200BAE9F002F6F33 /* PPSlideLineButton.m in Sources */,
				AD703F16200B9D6F002F6F33 /* PPSticker.m in Sources */,
				AD608EFF200AF90500572A7E /* main.m in Sources */,
				AD703F19200B9D7E002F6F33 /* PPEmoji.m in Sources */,
				AD608EF1200AF90500572A7E /* AppDelegate.m in Sources */,
			);
			runOnlyForDeploymentPostprocessing = 0;
		};
/* End PBXSourcesBuildPhase section */

/* Begin PBXVariantGroup section */
		AD608EF5200AF90500572A7E /* Main.storyboard */ = {
			isa = PBXVariantGroup;
			children = (
				AD608EF6200AF90500572A7E /* Base */,
			);
			name = Main.storyboard;
			sourceTree = "<group>";
		};
		AD608EFA200AF90500572A7E /* LaunchScreen.storyboard */ = {
			isa = PBXVariantGroup;
			children = (
				AD608EFB200AF90500572A7E /* Base */,
			);
			name = LaunchScreen.storyboard;
			sourceTree = "<group>";
		};
/* End PBXVariantGroup section */

/* Begin XCBuildConfiguration section */
		AD608F00200AF90500572A7E /* Debug */ = {
			isa = XCBuildConfiguration;
			buildSettings = {
				ALWAYS_SEARCH_USER_PATHS = NO;
				CLANG_ANALYZER_NONNULL = YES;
				CLANG_ANALYZER_NUMBER_OBJECT_CONVERSION = YES_AGGRESSIVE;
				CLANG_CXX_LANGUAGE_STANDARD = "gnu++14";
				CLANG_CXX_LIBRARY = "libc++";
				CLANG_ENABLE_MODULES = YES;
				CLANG_ENABLE_OBJC_ARC = YES;
				CLANG_WARN_BLOCK_CAPTURE_AUTORELEASING = YES;
				CLANG_WARN_BOOL_CONVERSION = YES;
				CLANG_WARN_COMMA = YES;
				CLANG_WARN_CONSTANT_CONVERSION = YES;
				CLANG_WARN_DIRECT_OBJC_ISA_USAGE = YES_ERROR;
				CLANG_WARN_DOCUMENTATION_COMMENTS = YES;
				CLANG_WARN_EMPTY_BODY = YES;
				CLANG_WARN_ENUM_CONVERSION = YES;
				CLANG_WARN_INFINITE_RECURSION = YES;
				CLANG_WARN_INT_CONVERSION = YES;
				CLANG_WARN_NON_LITERAL_NULL_CONVERSION = YES;
				CLANG_WARN_OBJC_LITERAL_CONVERSION = YES;
				CLANG_WARN_OBJC_ROOT_CLASS = YES_ERROR;
				CLANG_WARN_RANGE_LOOP_ANALYSIS = YES;
				CLANG_WARN_STRICT_PROTOTYPES = YES;
				CLANG_WARN_SUSPICIOUS_MOVE = YES;
				CLANG_WARN_UNGUARDED_AVAILABILITY = YES_AGGRESSIVE;
				CLANG_WARN_UNREACHABLE_CODE = YES;
				CLANG_WARN__DUPLICATE_METHOD_MATCH = YES;
				CODE_SIGN_IDENTITY = "iPhone Developer";
				COPY_PHASE_STRIP = NO;
				DEBUG_INFORMATION_FORMAT = dwarf;
				ENABLE_STRICT_OBJC_MSGSEND = YES;
				ENABLE_TESTABILITY = YES;
				GCC_C_LANGUAGE_STANDARD = gnu11;
				GCC_DYNAMIC_NO_PIC = NO;
				GCC_NO_COMMON_BLOCKS = YES;
				GCC_OPTIMIZATION_LEVEL = 0;
				GCC_PREPROCESSOR_DEFINITIONS = (
					"DEBUG=1",
					"$(inherited)",
				);
				GCC_WARN_64_TO_32_BIT_CONVERSION = YES;
				GCC_WARN_ABOUT_RETURN_TYPE = YES_ERROR;
				GCC_WARN_UNDECLARED_SELECTOR = YES;
				GCC_WARN_UNINITIALIZED_AUTOS = YES_AGGRESSIVE;
				GCC_WARN_UNUSED_FUNCTION = YES;
				GCC_WARN_UNUSED_VARIABLE = YES;
				IPHONEOS_DEPLOYMENT_TARGET = 11.2;
				MTL_ENABLE_DEBUG_INFO = YES;
				ONLY_ACTIVE_ARCH = YES;
				SDKROOT = iphoneos;
			};
			name = Debug;
		};
		AD608F01200AF90500572A7E /* Release */ = {
			isa = XCBuildConfiguration;
			buildSettings = {
				ALWAYS_SEARCH_USER_PATHS = NO;
				CLANG_ANALYZER_NONNULL = YES;
				CLANG_ANALYZER_NUMBER_OBJECT_CONVERSION = YES_AGGRESSIVE;
				CLANG_CXX_LANGUAGE_STANDARD = "gnu++14";
				CLANG_CXX_LIBRARY = "libc++";
				CLANG_ENABLE_MODULES = YES;
				CLANG_ENABLE_OBJC_ARC = YES;
				CLANG_WARN_BLOCK_CAPTURE_AUTORELEASING = YES;
				CLANG_WARN_BOOL_CONVERSION = YES;
				CLANG_WARN_COMMA = YES;
				CLANG_WARN_CONSTANT_CONVERSION = YES;
				CLANG_WARN_DIRECT_OBJC_ISA_USAGE = YES_ERROR;
				CLANG_WARN_DOCUMENTATION_COMMENTS = YES;
				CLANG_WARN_EMPTY_BODY = YES;
				CLANG_WARN_ENUM_CONVERSION = YES;
				CLANG_WARN_INFINITE_RECURSION = YES;
				CLANG_WARN_INT_CONVERSION = YES;
				CLANG_WARN_NON_LITERAL_NULL_CONVERSION = YES;
				CLANG_WARN_OBJC_LITERAL_CONVERSION = YES;
				CLANG_WARN_OBJC_ROOT_CLASS = YES_ERROR;
				CLANG_WARN_RANGE_LOOP_ANALYSIS = YES;
				CLANG_WARN_STRICT_PROTOTYPES = YES;
				CLANG_WARN_SUSPICIOUS_MOVE = YES;
				CLANG_WARN_UNGUARDED_AVAILABILITY = YES_AGGRESSIVE;
				CLANG_WARN_UNREACHABLE_CODE = YES;
				CLANG_WARN__DUPLICATE_METHOD_MATCH = YES;
				CODE_SIGN_IDENTITY = "iPhone Developer";
				COPY_PHASE_STRIP = NO;
				DEBUG_INFORMATION_FORMAT = "dwarf-with-dsym";
				ENABLE_NS_ASSERTIONS = NO;
				ENABLE_STRICT_OBJC_MSGSEND = YES;
				GCC_C_LANGUAGE_STANDARD = gnu11;
				GCC_NO_COMMON_BLOCKS = YES;
				GCC_WARN_64_TO_32_BIT_CONVERSION = YES;
				GCC_WARN_ABOUT_RETURN_TYPE = YES_ERROR;
				GCC_WARN_UNDECLARED_SELECTOR = YES;
				GCC_WARN_UNINITIALIZED_AUTOS = YES_AGGRESSIVE;
				GCC_WARN_UNUSED_FUNCTION = YES;
				GCC_WARN_UNUSED_VARIABLE = YES;
				IPHONEOS_DEPLOYMENT_TARGET = 11.2;
				MTL_ENABLE_DEBUG_INFO = NO;
				SDKROOT = iphoneos;
				VALIDATE_PRODUCT = YES;
			};
			name = Release;
		};
		AD608F03200AF90500572A7E /* Debug */ = {
			isa = XCBuildConfiguration;
			buildSettings = {
				ASSETCATALOG_COMPILER_APPICON_NAME = AppIcon;
				CODE_SIGN_STYLE = Automatic;
				DEVELOPMENT_TEAM = R6964LXMCM;
				INFOPLIST_FILE = PPStickerKeyboard/Info.plist;
				LD_RUNPATH_SEARCH_PATHS = "$(inherited) @executable_path/Frameworks";
				PRODUCT_BUNDLE_IDENTIFIER = io.vernonvan.github.PPStickerKeyboard;
				PRODUCT_NAME = "$(TARGET_NAME)";
				TARGETED_DEVICE_FAMILY = "1,2";
			};
			name = Debug;
		};
		AD608F04200AF90500572A7E /* Release */ = {
			isa = XCBuildConfiguration;
			buildSettings = {
				ASSETCATALOG_COMPILER_APPICON_NAME = AppIcon;
				CODE_SIGN_STYLE = Automatic;
				DEVELOPMENT_TEAM = R6964LXMCM;
				INFOPLIST_FILE = PPStickerKeyboard/Info.plist;
				LD_RUNPATH_SEARCH_PATHS = "$(inherited) @executable_path/Frameworks";
				PRODUCT_BUNDLE_IDENTIFIER = io.vernonvan.github.PPStickerKeyboard;
				PRODUCT_NAME = "$(TARGET_NAME)";
				TARGETED_DEVICE_FAMILY = "1,2";
			};
			name = Release;
		};
/* End XCBuildConfiguration section */

/* Begin XCConfigurationList section */
		AD608EE7200AF90500572A7E /* Build configuration list for PBXProject "PPStickerKeyboard" */ = {
			isa = XCConfigurationList;
			buildConfigurations = (
				AD608F00200AF90500572A7E /* Debug */,
				AD608F01200AF90500572A7E /* Release */,
			);
			defaultConfigurationIsVisible = 0;
			defaultConfigurationName = Release;
		};
		AD608F02200AF90500572A7E /* Build configuration list for PBXNativeTarget "PPStickerKeyboard" */ = {
			isa = XCConfigurationList;
			buildConfigurations = (
				AD608F03200AF90500572A7E /* Debug */,
				AD608F04200AF90500572A7E /* Release */,
			);
			defaultConfigurationIsVisible = 0;
			defaultConfigurationName = Release;
		};
/* End XCConfigurationList section */
	};
	rootObject = AD608EE4200AF90500572A7E /* Project object */;
}
